
Microsoft Visual Studio Solution File, Format Version 12.00
# Visual Studio Version 17
VisualStudioVersion = 17.12.35527.113
MinimumVisualStudioVersion = 10.0.40219.1
Project("{FAE04EC0-301F-11D3-BF4B-00C04F79EFBC}") = "Quest", "Quest.csproj", "{E96D90B7-0E18-4C8B-AEF1-219830913EA9}"
EndProject
Project("{FAE04EC0-301F-11D3-BF4B-00C04F79EFBC}") = "QuestLevelEditor", "..\QuestLevelEditor\QuestLevelEditor.csproj", "{A2724129-4EA8-4C4F-B808-0930235F939F}"
EndProject
Global
	GlobalSection(SolutionConfigurationPlatforms) = preSolution
		Debug|Any CPU = Debug|Any CPU
		Release|Any CPU = Release|Any CPU
	EndGlobalSection
	GlobalSection(ProjectConfigurationPlatforms) = postSolution
		{E96D90B7-0E18-4C8B-AEF1-219830913EA9}.Debug|Any CPU.ActiveCfg = Debug|Any CPU
		{E96D90B7-0E18-4C8B-AEF1-219830913EA9}.Debug|Any CPU.Build.0 = Debug|Any CPU
		{E96D90B7-0E18-4C8B-AEF1-219830913EA9}.Release|Any CPU.ActiveCfg = Release|Any CPU
		{E96D90B7-0E18-4C8B-AEF1-219830913EA9}.Release|Any CPU.Build.0 = Release|Any CPU
		{A2724129-4EA8-4C4F-B808-0930235F939F}.Debug|Any CPU.ActiveCfg = Debug|Any CPU
		{A2724129-4EA8-4C4F-B808-0930235F939F}.Debug|Any CPU.Build.0 = Debug|Any CPU
		{A2724129-4EA8-4C4F-B808-0930235F939F}.Release|Any CPU.ActiveCfg = Release|Any CPU
		{A2724129-4EA8-4C4F-B808-0930235F939F}.Release|Any CPU.Build.0 = Release|Any CPU
	EndGlobalSection
	GlobalSection(SolutionProperties) = preSolution
		HideSolutionNode = FALSE
	EndGlobalSection
EndGlobal
